
Microsoft Visual Studio Solution File, Format Version 12.00
# Visual Studio Version 17
VisualStudioVersion = 17.6.33815.320
MinimumVisualStudioVersion = 10.0.40219.1
Project("{FAE04EC0-301F-11D3-BF4B-00C04F79EFBC}") = "UsingVar", "UsingVar\UsingVar.csproj", "{04819BC4-80FA-4EF6-809E-194A5F1B5E76}"
EndProject
Global
	GlobalSection(SolutionConfigurationPlatforms) = preSolution
		Debug|Any CPU = Debug|Any CPU
		Release|Any CPU = Release|Any CPU
	EndGlobalSection
	GlobalSection(ProjectConfigurationPlatforms) = postSolution
		{04819BC4-80FA-4EF6-809E-194A5F1B5E76}.Debug|Any CPU.ActiveCfg = Debug|Any CPU
		{04819BC4-80FA-4EF6-809E-194A5F1B5E76}.Debug|Any CPU.Build.0 = Debug|Any CPU
		{04819BC4-80FA-4EF6-809E-194A5F1B5E76}.Release|Any CPU.ActiveCfg = Release|Any CPU
		{04819BC4-80FA-4EF6-809E-194A5F1B5E76}.Release|Any CPU.Build.0 = Release|Any CPU
	EndGlobalSection
	GlobalSection(SolutionProperties) = preSolution
		HideSolutionNode = FALSE
	EndGlobalSection
	GlobalSection(ExtensibilityGlobals) = postSolution
		SolutionGuid = {D956FEA4-A438-4A0E-AF79-56643024C20C}
	EndGlobalSection
EndGlobal
