
Microsoft Visual Studio Solution File, Format Version 12.00
# Visual Studio Version 17
VisualStudioVersion = 17.6.33815.320
MinimumVisualStudioVersion = 10.0.40219.1
Project("{FAE04EC0-301F-11D3-BF4B-00C04F79EFBC}") = "Switch2", "Switch2\Switch2.csproj", "{2DA775B7-73F9-4ECF-8254-F6A72FA08D98}"
EndProject
Global
	GlobalSection(SolutionConfigurationPlatforms) = preSolution
		Debug|Any CPU = Debug|Any CPU
		Release|Any CPU = Release|Any CPU
	EndGlobalSection
	GlobalSection(ProjectConfigurationPlatforms) = postSolution
		{2DA775B7-73F9-4ECF-8254-F6A72FA08D98}.Debug|Any CPU.ActiveCfg = Debug|Any CPU
		{2DA775B7-73F9-4ECF-8254-F6A72FA08D98}.Debug|Any CPU.Build.0 = Debug|Any CPU
		{2DA775B7-73F9-4ECF-8254-F6A72FA08D98}.Release|Any CPU.ActiveCfg = Release|Any CPU
		{2DA775B7-73F9-4ECF-8254-F6A72FA08D98}.Release|Any CPU.Build.0 = Release|Any CPU
	EndGlobalSection
	GlobalSection(SolutionProperties) = preSolution
		HideSolutionNode = FALSE
	EndGlobalSection
	GlobalSection(ExtensibilityGlobals) = postSolution
		SolutionGuid = {3049C59B-5BD6-4809-96EA-B2BCF0A30899}
	EndGlobalSection
EndGlobal
