
Microsoft Visual Studio Solution File, Format Version 12.00
# Visual Studio Version 16
VisualStudioVersion = 16.0.31624.102
MinimumVisualStudioVersion = 10.0.40219.1
Project("{8BC9CEB8-8B4A-11D0-8D11-00A0C91BC942}") = "MyFriendClass", "MyFriendClass.vcxproj", "{3EA139EA-24BB-4702-BDA1-57FA4351A9ED}"
EndProject
Global
	GlobalSection(SolutionConfigurationPlatforms) = preSolution
		Debug|x64 = Debug|x64
		Debug|x86 = Debug|x86
		Release|x64 = Release|x64
		Release|x86 = Release|x86
	EndGlobalSection
	GlobalSection(ProjectConfigurationPlatforms) = postSolution
		{3EA139EA-24BB-4702-BDA1-57FA4351A9ED}.Debug|x64.ActiveCfg = Debug|x64
		{3EA139EA-24BB-4702-BDA1-57FA4351A9ED}.Debug|x64.Build.0 = Debug|x64
		{3EA139EA-24BB-4702-BDA1-57FA4351A9ED}.Debug|x86.ActiveCfg = Debug|Win32
		{3EA139EA-24BB-4702-BDA1-57FA4351A9ED}.Debug|x86.Build.0 = Debug|Win32
		{3EA139EA-24BB-4702-BDA1-57FA4351A9ED}.Release|x64.ActiveCfg = Release|x64
		{3EA139EA-24BB-4702-BDA1-57FA4351A9ED}.Release|x64.Build.0 = Release|x64
		{3EA139EA-24BB-4702-BDA1-57FA4351A9ED}.Release|x86.ActiveCfg = Release|Win32
		{3EA139EA-24BB-4702-BDA1-57FA4351A9ED}.Release|x86.Build.0 = Release|Win32
	EndGlobalSection
	GlobalSection(SolutionProperties) = preSolution
		HideSolutionNode = FALSE
	EndGlobalSection
	GlobalSection(ExtensibilityGlobals) = postSolution
		SolutionGuid = {CE59E241-E831-4B2E-BFA7-2579017F55B8}
	EndGlobalSection
EndGlobal
