
Microsoft Visual Studio Solution File, Format Version 12.00
# Visual Studio Version 17
VisualStudioVersion = 17.6.33815.320
MinimumVisualStudioVersion = 10.0.40219.1
Project("{FAE04EC0-301F-11D3-BF4B-00C04F79EFBC}") = "FloatingPoint", "FloatingPoint\FloatingPoint.csproj", "{5F8F23C5-DE79-442D-810C-27BEE228BF75}"
EndProject
Global
	GlobalSection(SolutionConfigurationPlatforms) = preSolution
		Debug|Any CPU = Debug|Any CPU
		Release|Any CPU = Release|Any CPU
	EndGlobalSection
	GlobalSection(ProjectConfigurationPlatforms) = postSolution
		{5F8F23C5-DE79-442D-810C-27BEE228BF75}.Debug|Any CPU.ActiveCfg = Debug|Any CPU
		{5F8F23C5-DE79-442D-810C-27BEE228BF75}.Debug|Any CPU.Build.0 = Debug|Any CPU
		{5F8F23C5-DE79-442D-810C-27BEE228BF75}.Release|Any CPU.ActiveCfg = Release|Any CPU
		{5F8F23C5-DE79-442D-810C-27BEE228BF75}.Release|Any CPU.Build.0 = Release|Any CPU
	EndGlobalSection
	GlobalSection(SolutionProperties) = preSolution
		HideSolutionNode = FALSE
	EndGlobalSection
	GlobalSection(ExtensibilityGlobals) = postSolution
		SolutionGuid = {94F50733-066D-4B24-825E-233432079A98}
	EndGlobalSection
EndGlobal
