
Microsoft Visual Studio Solution File, Format Version 12.00
# Visual Studio Version 16
VisualStudioVersion = 16.0.31729.503
MinimumVisualStudioVersion = 10.0.40219.1
Project("{8BC9CEB8-8B4A-11D0-8D11-00A0C91BC942}") = "01", "01\01.vcxproj", "{AA250B4F-ECA3-4897-97B4-6BA535F26541}"
EndProject
Global
	GlobalSection(SolutionConfigurationPlatforms) = preSolution
		Debug|x64 = Debug|x64
		Debug|x86 = Debug|x86
		Release|x64 = Release|x64
		Release|x86 = Release|x86
	EndGlobalSection
	GlobalSection(ProjectConfigurationPlatforms) = postSolution
		{AA250B4F-ECA3-4897-97B4-6BA535F26541}.Debug|x64.ActiveCfg = Debug|x64
		{AA250B4F-ECA3-4897-97B4-6BA535F26541}.Debug|x64.Build.0 = Debug|x64
		{AA250B4F-ECA3-4897-97B4-6BA535F26541}.Debug|x86.ActiveCfg = Debug|Win32
		{AA250B4F-ECA3-4897-97B4-6BA535F26541}.Debug|x86.Build.0 = Debug|Win32
		{AA250B4F-ECA3-4897-97B4-6BA535F26541}.Release|x64.ActiveCfg = Release|x64
		{AA250B4F-ECA3-4897-97B4-6BA535F26541}.Release|x64.Build.0 = Release|x64
		{AA250B4F-ECA3-4897-97B4-6BA535F26541}.Release|x86.ActiveCfg = Release|Win32
		{AA250B4F-ECA3-4897-97B4-6BA535F26541}.Release|x86.Build.0 = Release|Win32
	EndGlobalSection
	GlobalSection(SolutionProperties) = preSolution
		HideSolutionNode = FALSE
	EndGlobalSection
	GlobalSection(ExtensibilityGlobals) = postSolution
		SolutionGuid = {1174B069-6B6B-4B9A-B51F-79D066253310}
	EndGlobalSection
EndGlobal
