
Microsoft Visual Studio Solution File, Format Version 12.00
# Visual Studio Version 17
VisualStudioVersion = 17.6.33815.320
MinimumVisualStudioVersion = 10.0.40219.1
Project("{FAE04EC0-301F-11D3-BF4B-00C04F79EFBC}") = "StringFormatDatetime", "StringFormatDatetime\StringFormatDatetime.csproj", "{3EC4D542-B9F3-46E2-AF96-D9969764BE6E}"
EndProject
Global
	GlobalSection(SolutionConfigurationPlatforms) = preSolution
		Debug|Any CPU = Debug|Any CPU
		Release|Any CPU = Release|Any CPU
	EndGlobalSection
	GlobalSection(ProjectConfigurationPlatforms) = postSolution
		{3EC4D542-B9F3-46E2-AF96-D9969764BE6E}.Debug|Any CPU.ActiveCfg = Debug|Any CPU
		{3EC4D542-B9F3-46E2-AF96-D9969764BE6E}.Debug|Any CPU.Build.0 = Debug|Any CPU
		{3EC4D542-B9F3-46E2-AF96-D9969764BE6E}.Release|Any CPU.ActiveCfg = Release|Any CPU
		{3EC4D542-B9F3-46E2-AF96-D9969764BE6E}.Release|Any CPU.Build.0 = Release|Any CPU
	EndGlobalSection
	GlobalSection(SolutionProperties) = preSolution
		HideSolutionNode = FALSE
	EndGlobalSection
	GlobalSection(ExtensibilityGlobals) = postSolution
		SolutionGuid = {E99805E0-68B5-416E-8213-B77E5CD3CC32}
	EndGlobalSection
EndGlobal
