
Microsoft Visual Studio Solution File, Format Version 12.00
# Visual Studio Version 16
VisualStudioVersion = 16.0.31729.503
MinimumVisualStudioVersion = 10.0.40219.1
Project("{8BC9CEB8-8B4A-11D0-8D11-00A0C91BC942}") = "Chapter13", "Chapter13\Chapter13.vcxproj", "{A070B255-2521-4FBC-95F7-68CB9A6227D4}"
EndProject
Global
	GlobalSection(SolutionConfigurationPlatforms) = preSolution
		Debug|x64 = Debug|x64
		Debug|x86 = Debug|x86
		Release|x64 = Release|x64
		Release|x86 = Release|x86
	EndGlobalSection
	GlobalSection(ProjectConfigurationPlatforms) = postSolution
		{A070B255-2521-4FBC-95F7-68CB9A6227D4}.Debug|x64.ActiveCfg = Debug|x64
		{A070B255-2521-4FBC-95F7-68CB9A6227D4}.Debug|x64.Build.0 = Debug|x64
		{A070B255-2521-4FBC-95F7-68CB9A6227D4}.Debug|x86.ActiveCfg = Debug|Win32
		{A070B255-2521-4FBC-95F7-68CB9A6227D4}.Debug|x86.Build.0 = Debug|Win32
		{A070B255-2521-4FBC-95F7-68CB9A6227D4}.Release|x64.ActiveCfg = Release|x64
		{A070B255-2521-4FBC-95F7-68CB9A6227D4}.Release|x64.Build.0 = Release|x64
		{A070B255-2521-4FBC-95F7-68CB9A6227D4}.Release|x86.ActiveCfg = Release|Win32
		{A070B255-2521-4FBC-95F7-68CB9A6227D4}.Release|x86.Build.0 = Release|Win32
	EndGlobalSection
	GlobalSection(SolutionProperties) = preSolution
		HideSolutionNode = FALSE
	EndGlobalSection
	GlobalSection(ExtensibilityGlobals) = postSolution
		SolutionGuid = {54FBC9F7-11D7-4372-8376-D7AF56B15D50}
	EndGlobalSection
EndGlobal
