
Microsoft Visual Studio Solution File, Format Version 12.00
# Visual Studio Version 17
VisualStudioVersion = 17.6.33815.320
MinimumVisualStudioVersion = 10.0.40219.1
Project("{FAE04EC0-301F-11D3-BF4B-00C04F79EFBC}") = "ForEach", "ForEach\ForEach.csproj", "{784A897F-8E1D-4153-9A44-862E49151FD1}"
EndProject
Global
	GlobalSection(SolutionConfigurationPlatforms) = preSolution
		Debug|Any CPU = Debug|Any CPU
		Release|Any CPU = Release|Any CPU
	EndGlobalSection
	GlobalSection(ProjectConfigurationPlatforms) = postSolution
		{784A897F-8E1D-4153-9A44-862E49151FD1}.Debug|Any CPU.ActiveCfg = Debug|Any CPU
		{784A897F-8E1D-4153-9A44-862E49151FD1}.Debug|Any CPU.Build.0 = Debug|Any CPU
		{784A897F-8E1D-4153-9A44-862E49151FD1}.Release|Any CPU.ActiveCfg = Release|Any CPU
		{784A897F-8E1D-4153-9A44-862E49151FD1}.Release|Any CPU.Build.0 = Release|Any CPU
	EndGlobalSection
	GlobalSection(SolutionProperties) = preSolution
		HideSolutionNode = FALSE
	EndGlobalSection
	GlobalSection(ExtensibilityGlobals) = postSolution
		SolutionGuid = {28586A54-FB96-4070-9FA5-D82EC447DA2B}
	EndGlobalSection
EndGlobal
