
Microsoft Visual Studio Solution File, Format Version 12.00
# Visual Studio Version 17
VisualStudioVersion = 17.6.33815.320
MinimumVisualStudioVersion = 10.0.40219.1
Project("{FAE04EC0-301F-11D3-BF4B-00C04F79EFBC}") = "Test_01_01", "Test_01_01\Test_01_01.csproj", "{62506DEA-DD0B-44AB-AF58-1A5C877338CC}"
EndProject
Global
	GlobalSection(SolutionConfigurationPlatforms) = preSolution
		Debug|Any CPU = Debug|Any CPU
		Release|Any CPU = Release|Any CPU
	EndGlobalSection
	GlobalSection(ProjectConfigurationPlatforms) = postSolution
		{62506DEA-DD0B-44AB-AF58-1A5C877338CC}.Debug|Any CPU.ActiveCfg = Debug|Any CPU
		{62506DEA-DD0B-44AB-AF58-1A5C877338CC}.Debug|Any CPU.Build.0 = Debug|Any CPU
		{62506DEA-DD0B-44AB-AF58-1A5C877338CC}.Release|Any CPU.ActiveCfg = Release|Any CPU
		{62506DEA-DD0B-44AB-AF58-1A5C877338CC}.Release|Any CPU.Build.0 = Release|Any CPU
	EndGlobalSection
	GlobalSection(SolutionProperties) = preSolution
		HideSolutionNode = FALSE
	EndGlobalSection
	GlobalSection(ExtensibilityGlobals) = postSolution
		SolutionGuid = {C6D78C3C-474F-4570-AF1C-99289A297CFE}
	EndGlobalSection
EndGlobal
