
Microsoft Visual Studio Solution File, Format Version 12.00
# Visual Studio Version 17
VisualStudioVersion = 17.6.33815.320
MinimumVisualStudioVersion = 10.0.40219.1
Project("{FAE04EC0-301F-11D3-BF4B-00C04F79EFBC}") = "MessageFilter", "MessageFilter\MessageFilter.csproj", "{2128F0D3-9A96-4CDA-B2AD-4528D7DDB4E4}"
EndProject
Global
	GlobalSection(SolutionConfigurationPlatforms) = preSolution
		Debug|Any CPU = Debug|Any CPU
		Release|Any CPU = Release|Any CPU
	EndGlobalSection
	GlobalSection(ProjectConfigurationPlatforms) = postSolution
		{2128F0D3-9A96-4CDA-B2AD-4528D7DDB4E4}.Debug|Any CPU.ActiveCfg = Debug|Any CPU
		{2128F0D3-9A96-4CDA-B2AD-4528D7DDB4E4}.Debug|Any CPU.Build.0 = Debug|Any CPU
		{2128F0D3-9A96-4CDA-B2AD-4528D7DDB4E4}.Release|Any CPU.ActiveCfg = Release|Any CPU
		{2128F0D3-9A96-4CDA-B2AD-4528D7DDB4E4}.Release|Any CPU.Build.0 = Release|Any CPU
	EndGlobalSection
	GlobalSection(SolutionProperties) = preSolution
		HideSolutionNode = FALSE
	EndGlobalSection
	GlobalSection(ExtensibilityGlobals) = postSolution
		SolutionGuid = {E648392C-4B82-4701-992C-66D48CB343FA}
	EndGlobalSection
EndGlobal
